
Microsoft Visual Studio Solution File, Format Version 12.00
# Visual Studio Version 16
VisualStudioVersion = 16.0.31515.178
MinimumVisualStudioVersion = 10.0.40219.1
Project("{9A19103F-16F7-4668-BE54-9A1E7A4F7556}") = "ExtraEdge", "ExtraEdge\ExtraEdge.csproj", "{672C7079-E41B-4860-AA63-73AE4C3A5CBD}"
EndProject
Project("{FAE04EC0-301F-11D3-BF4B-00C04F79EFBC}") = "UnitTest", "UnitTest\UnitTest.csproj", "{265450B4-0EF7-42E9-9431-7A9D71B0F222}"
EndProject
Global
	GlobalSection(SolutionConfigurationPlatforms) = preSolution
		Debug|Any CPU = Debug|Any CPU
		Release|Any CPU = Release|Any CPU
	EndGlobalSection
	GlobalSection(ProjectConfigurationPlatforms) = postSolution
		{672C7079-E41B-4860-AA63-73AE4C3A5CBD}.Debug|Any CPU.ActiveCfg = Debug|Any CPU
		{672C7079-E41B-4860-AA63-73AE4C3A5CBD}.Debug|Any CPU.Build.0 = Debug|Any CPU
		{672C7079-E41B-4860-AA63-73AE4C3A5CBD}.Release|Any CPU.ActiveCfg = Release|Any CPU
		{672C7079-E41B-4860-AA63-73AE4C3A5CBD}.Release|Any CPU.Build.0 = Release|Any CPU
		{265450B4-0EF7-42E9-9431-7A9D71B0F222}.Debug|Any CPU.ActiveCfg = Debug|Any CPU
		{265450B4-0EF7-42E9-9431-7A9D71B0F222}.Debug|Any CPU.Build.0 = Debug|Any CPU
		{265450B4-0EF7-42E9-9431-7A9D71B0F222}.Release|Any CPU.ActiveCfg = Release|Any CPU
		{265450B4-0EF7-42E9-9431-7A9D71B0F222}.Release|Any CPU.Build.0 = Release|Any CPU
	EndGlobalSection
	GlobalSection(SolutionProperties) = preSolution
		HideSolutionNode = FALSE
	EndGlobalSection
	GlobalSection(ExtensibilityGlobals) = postSolution
		SolutionGuid = {E57D4AA3-EA3F-430A-A459-A7269288B196}
	EndGlobalSection
EndGlobal
